
Microsoft Visual Studio Solution File, Format Version 11.00
# Visual Studio 2010
Project("{FAE04EC0-301F-11D3-BF4B-00C04F79EFBC}") = "EsriDE.Commons.CastleWindsor.Extension", "EsriDE.Commons.CastleWindsor.Extension\EsriDE.Commons.CastleWindsor.Extension.csproj", "{421B1016-B042-47D1-8E08-DC1C9E8A0849}"
EndProject
Project("{FAE04EC0-301F-11D3-BF4B-00C04F79EFBC}") = "EsriDE.Commons.Ags", "EsriDE.Commons.Ags\EsriDE.Commons.Ags.csproj", "{756A5E8E-CB68-4AE8-9D2A-436F7C673E7C}"
EndProject
Project("{FAE04EC0-301F-11D3-BF4B-00C04F79EFBC}") = "EsriDE.Commons.Ags.Tests", "EsriDE.Commons.Ags.Tests\EsriDE.Commons.Ags.Tests.csproj", "{CCAB366F-C1E1-4C45-86BA-25ADEC26C346}"
EndProject
Project("{FAE04EC0-301F-11D3-BF4B-00C04F79EFBC}") = "EsriDE.Commons.Aop", "EsriDE.Commons.Aop\EsriDE.Commons.Aop.csproj", "{A8322334-9EA7-4E6A-8744-CA9712E4EE6C}"
EndProject
Project("{FAE04EC0-301F-11D3-BF4B-00C04F79EFBC}") = "EsriDE.Commons.Patterns", "EsriDE.Commons.Patterns\EsriDE.Commons.Patterns.csproj", "{9DDADD7C-6D1D-4AE0-BA65-95B2103C05E1}"
EndProject
Project("{FAE04EC0-301F-11D3-BF4B-00C04F79EFBC}") = "EsriDE.Commons.Testing", "EsriDE.Commons.Testing\EsriDE.Commons.Testing.csproj", "{C7C93F0A-937F-44BC-8455-7C74F78C408F}"
EndProject
Global
	GlobalSection(SolutionConfigurationPlatforms) = preSolution
		Debug|Any CPU = Debug|Any CPU
		Release|Any CPU = Release|Any CPU
	EndGlobalSection
	GlobalSection(ProjectConfigurationPlatforms) = postSolution
		{421B1016-B042-47D1-8E08-DC1C9E8A0849}.Debug|Any CPU.ActiveCfg = Debug|Any CPU
		{421B1016-B042-47D1-8E08-DC1C9E8A0849}.Debug|Any CPU.Build.0 = Debug|Any CPU
		{421B1016-B042-47D1-8E08-DC1C9E8A0849}.Release|Any CPU.ActiveCfg = Release|Any CPU
		{421B1016-B042-47D1-8E08-DC1C9E8A0849}.Release|Any CPU.Build.0 = Release|Any CPU
		{756A5E8E-CB68-4AE8-9D2A-436F7C673E7C}.Debug|Any CPU.ActiveCfg = Debug|Any CPU
		{756A5E8E-CB68-4AE8-9D2A-436F7C673E7C}.Debug|Any CPU.Build.0 = Debug|Any CPU
		{756A5E8E-CB68-4AE8-9D2A-436F7C673E7C}.Release|Any CPU.ActiveCfg = Release|Any CPU
		{756A5E8E-CB68-4AE8-9D2A-436F7C673E7C}.Release|Any CPU.Build.0 = Release|Any CPU
		{CCAB366F-C1E1-4C45-86BA-25ADEC26C346}.Debug|Any CPU.ActiveCfg = Debug|Any CPU
		{CCAB366F-C1E1-4C45-86BA-25ADEC26C346}.Debug|Any CPU.Build.0 = Debug|Any CPU
		{CCAB366F-C1E1-4C45-86BA-25ADEC26C346}.Release|Any CPU.ActiveCfg = Release|Any CPU
		{CCAB366F-C1E1-4C45-86BA-25ADEC26C346}.Release|Any CPU.Build.0 = Release|Any CPU
		{A8322334-9EA7-4E6A-8744-CA9712E4EE6C}.Debug|Any CPU.ActiveCfg = Debug|Any CPU
		{A8322334-9EA7-4E6A-8744-CA9712E4EE6C}.Debug|Any CPU.Build.0 = Debug|Any CPU
		{A8322334-9EA7-4E6A-8744-CA9712E4EE6C}.Release|Any CPU.ActiveCfg = Release|Any CPU
		{A8322334-9EA7-4E6A-8744-CA9712E4EE6C}.Release|Any CPU.Build.0 = Release|Any CPU
		{9DDADD7C-6D1D-4AE0-BA65-95B2103C05E1}.Debug|Any CPU.ActiveCfg = Debug|Any CPU
		{9DDADD7C-6D1D-4AE0-BA65-95B2103C05E1}.Debug|Any CPU.Build.0 = Debug|Any CPU
		{9DDADD7C-6D1D-4AE0-BA65-95B2103C05E1}.Release|Any CPU.ActiveCfg = Release|Any CPU
		{9DDADD7C-6D1D-4AE0-BA65-95B2103C05E1}.Release|Any CPU.Build.0 = Release|Any CPU
		{C7C93F0A-937F-44BC-8455-7C74F78C408F}.Debug|Any CPU.ActiveCfg = Debug|Any CPU
		{C7C93F0A-937F-44BC-8455-7C74F78C408F}.Debug|Any CPU.Build.0 = Debug|Any CPU
		{C7C93F0A-937F-44BC-8455-7C74F78C408F}.Release|Any CPU.ActiveCfg = Release|Any CPU
		{C7C93F0A-937F-44BC-8455-7C74F78C408F}.Release|Any CPU.Build.0 = Release|Any CPU
	EndGlobalSection
	GlobalSection(SolutionProperties) = preSolution
		HideSolutionNode = FALSE
	EndGlobalSection
EndGlobal
