
Microsoft Visual Studio Solution File, Format Version 11.00
# Visual Studio 2010
Project("{FAE04EC0-301F-11D3-BF4B-00C04F79EFBC}") = "AgdAdapter", "AgdAdapter\AgdAdapter.csproj", "{17A3595E-A5BE-4273-AB91-8323C08FD1E0}"
EndProject
Project("{FAE04EC0-301F-11D3-BF4B-00C04F79EFBC}") = "AgdAdapter.Tests", "AgdAdapter.Tests\AgdAdapter.Tests.csproj", "{B7CF6677-4B8D-4C12-B164-1C8915149024}"
EndProject
Project("{2150E333-8FDC-42A3-9474-1A3956D46DE8}") = "Solution Items", "Solution Items", "{7901DEAA-8345-4474-A0E7-B81B019662E4}"
	ProjectSection(SolutionItems) = preProject
		..\..\tools\Esri\ESRI.ArcGIS.AddIns.targets = ..\..\tools\Esri\ESRI.ArcGIS.AddIns.targets
	EndProjectSection
EndProject
Global
	GlobalSection(SolutionConfigurationPlatforms) = preSolution
		Debug|Any CPU = Debug|Any CPU
		Release|Any CPU = Release|Any CPU
	EndGlobalSection
	GlobalSection(ProjectConfigurationPlatforms) = postSolution
		{17A3595E-A5BE-4273-AB91-8323C08FD1E0}.Debug|Any CPU.ActiveCfg = Debug|Any CPU
		{17A3595E-A5BE-4273-AB91-8323C08FD1E0}.Debug|Any CPU.Build.0 = Debug|Any CPU
		{17A3595E-A5BE-4273-AB91-8323C08FD1E0}.Release|Any CPU.ActiveCfg = Release|Any CPU
		{17A3595E-A5BE-4273-AB91-8323C08FD1E0}.Release|Any CPU.Build.0 = Release|Any CPU
		{B7CF6677-4B8D-4C12-B164-1C8915149024}.Debug|Any CPU.ActiveCfg = Debug|Any CPU
		{B7CF6677-4B8D-4C12-B164-1C8915149024}.Debug|Any CPU.Build.0 = Debug|Any CPU
		{B7CF6677-4B8D-4C12-B164-1C8915149024}.Release|Any CPU.ActiveCfg = Release|Any CPU
		{B7CF6677-4B8D-4C12-B164-1C8915149024}.Release|Any CPU.Build.0 = Release|Any CPU
	EndGlobalSection
	GlobalSection(SolutionProperties) = preSolution
		HideSolutionNode = FALSE
	EndGlobalSection
EndGlobal
