
Microsoft Visual Studio Solution File, Format Version 11.00
# Visual Studio 2010
Project("{FAE04EC0-301F-11D3-BF4B-00C04F79EFBC}") = "BL", "BL\BL\BL.csproj", "{F1C8BBAB-FE8C-4A2B-B03C-07B9BDEF893C}"
EndProject
Project("{FAE04EC0-301F-11D3-BF4B-00C04F79EFBC}") = "BL.Tests", "BL\BL.Tests\BL.Tests.csproj", "{791AB62C-3EF3-446A-B055-3EA3A11596AA}"
EndProject
Project("{FAE04EC0-301F-11D3-BF4B-00C04F79EFBC}") = "XmlConfigurationAdapter", "ConfigurationAdapter\XmlConfigurationAdapter\XmlConfigurationAdapter.csproj", "{8BCF7F3C-88B7-45E1-9CC4-1B7876461408}"
EndProject
Project("{FAE04EC0-301F-11D3-BF4B-00C04F79EFBC}") = "XmlConfigurationAdapter.Tests", "ConfigurationAdapter\XmlConfigurationAdapter.Tests\XmlConfigurationAdapter.Tests.csproj", "{EF378306-5808-46A7-B432-44E7A22F2B4E}"
EndProject
Project("{FAE04EC0-301F-11D3-BF4B-00C04F79EFBC}") = "ContentAdapter", "ContentAdapter\ContentAdapter\ContentAdapter.csproj", "{9DF6ABE9-5538-4F59-9C3F-8625142C32AE}"
EndProject
Project("{FAE04EC0-301F-11D3-BF4B-00C04F79EFBC}") = "ContentAdapter.Tests", "ContentAdapter\ContentAdapter.Tests\ContentAdapter.Tests.csproj", "{E63B5C46-C148-45E3-AEDF-10DD99F19AB2}"
EndProject
Project("{2150E333-8FDC-42A3-9474-1A3956D46DE8}") = "BL", "BL", "{C6ECA78F-5ADA-4B83-95AF-C1994BC2861E}"
EndProject
Project("{2150E333-8FDC-42A3-9474-1A3956D46DE8}") = "ContentAdapter", "ContentAdapter", "{019633CC-A5DF-40CC-A5D4-EBDDB1B9070E}"
EndProject
Project("{2150E333-8FDC-42A3-9474-1A3956D46DE8}") = "UI", "UI", "{341BD835-A29E-4565-96FE-36DDCC8AC519}"
EndProject
Project("{2150E333-8FDC-42A3-9474-1A3956D46DE8}") = "ConfigurationAdapter", "ConfigurationAdapter", "{47A53DFD-6DDF-4B8B-A81A-37F2082E3020}"
EndProject
Project("{2150E333-8FDC-42A3-9474-1A3956D46DE8}") = "_SystemBuild", "_SystemBuild", "{CCD51172-18FF-4C66-BD8B-49768CA07C49}"
EndProject
Project("{FAE04EC0-301F-11D3-BF4B-00C04F79EFBC}") = "SystemBuild", "SystemBuild\SystemBuild\SystemBuild.csproj", "{1E2720D2-67BA-4FB4-99BE-6AFC9BE7D091}"
EndProject
Project("{FAE04EC0-301F-11D3-BF4B-00C04F79EFBC}") = "SystemBuild.Tests", "SystemBuild\SystemBuild.Tests\SystemBuild.Tests.csproj", "{E866B2DC-EEC0-4F48-83DD-5357B08CDB72}"
	ProjectSection(ProjectDependencies) = postProject
		{8BCF7F3C-88B7-45E1-9CC4-1B7876461408} = {8BCF7F3C-88B7-45E1-9CC4-1B7876461408}
		{79C0A29A-5B5B-4DA3-BAA3-49FA476908CB} = {79C0A29A-5B5B-4DA3-BAA3-49FA476908CB}
		{F1C8BBAB-FE8C-4A2B-B03C-07B9BDEF893C} = {F1C8BBAB-FE8C-4A2B-B03C-07B9BDEF893C}
		{9DF6ABE9-5538-4F59-9C3F-8625142C32AE} = {9DF6ABE9-5538-4F59-9C3F-8625142C32AE}
	EndProjectSection
EndProject
Project("{2150E333-8FDC-42A3-9474-1A3956D46DE8}") = "AgdAdapter", "AgdAdapter", "{EF0E2424-C8AF-4140-AF63-168803F95DCD}"
EndProject
Project("{FAE04EC0-301F-11D3-BF4B-00C04F79EFBC}") = "AgdAdapter", "AgdAdapter\AgdAdapter\AgdAdapter.csproj", "{17A3595E-A5BE-4273-AB91-8323C08FD1E0}"
	ProjectSection(ProjectDependencies) = postProject
		{8BCF7F3C-88B7-45E1-9CC4-1B7876461408} = {8BCF7F3C-88B7-45E1-9CC4-1B7876461408}
		{79C0A29A-5B5B-4DA3-BAA3-49FA476908CB} = {79C0A29A-5B5B-4DA3-BAA3-49FA476908CB}
		{F1C8BBAB-FE8C-4A2B-B03C-07B9BDEF893C} = {F1C8BBAB-FE8C-4A2B-B03C-07B9BDEF893C}
		{1E2720D2-67BA-4FB4-99BE-6AFC9BE7D091} = {1E2720D2-67BA-4FB4-99BE-6AFC9BE7D091}
		{9DF6ABE9-5538-4F59-9C3F-8625142C32AE} = {9DF6ABE9-5538-4F59-9C3F-8625142C32AE}
	EndProjectSection
EndProject
Project("{FAE04EC0-301F-11D3-BF4B-00C04F79EFBC}") = "AgdAdapter.Tests", "AgdAdapter\AgdAdapter.Tests\AgdAdapter.Tests.csproj", "{B7CF6677-4B8D-4C12-B164-1C8915149024}"
EndProject
Project("{FAE04EC0-301F-11D3-BF4B-00C04F79EFBC}") = "WpfUI", "UI\WpfUI\WpfUI.csproj", "{79C0A29A-5B5B-4DA3-BAA3-49FA476908CB}"
EndProject
Project("{FAE04EC0-301F-11D3-BF4B-00C04F79EFBC}") = "WpfUI.Tests", "UI\WpfUI.Tests\WpfUI.Tests.csproj", "{BC981B0A-AC3F-46EF-88F2-6D5DCB25AE57}"
EndProject
Project("{2150E333-8FDC-42A3-9474-1A3956D46DE8}") = "ArcGISOnlinePlugin", "ArcGISOnlinePlugin", "{3D7A0F8E-0D25-4260-A51D-780B6229581D}"
EndProject
Project("{FAE04EC0-301F-11D3-BF4B-00C04F79EFBC}") = "ArcGISOnlinePlugin", "ArcGISOnlinePlugin\ArcGISOnlinePlugin\ArcGISOnlinePlugin.csproj", "{BD09B7CB-011B-4342-BDBF-32D5E43CF3FF}"
EndProject
Project("{FAE04EC0-301F-11D3-BF4B-00C04F79EFBC}") = "ArcGISOnlinePlugin.Tests", "ArcGISOnlinePlugin\ArcGISOnlinePlugin.Tests\ArcGISOnlinePlugin.Tests.csproj", "{787FA305-0AD5-4D40-8A7A-DD5D6D826217}"
EndProject
Project("{FAE04EC0-301F-11D3-BF4B-00C04F79EFBC}") = "LegacyAgdAdapter", "LegacyAgdAdapter\LegacyAgdAdapter\LegacyAgdAdapter.csproj", "{BD9D61CA-AA87-4454-8220-42BDB0A2EA13}"
EndProject
Project("{FAE04EC0-301F-11D3-BF4B-00C04F79EFBC}") = "LegacyAgdAdapter.Tests", "LegacyAgdAdapter\LegacyAgdAdapter.Tests\LegacyAgdAdapter.Tests.csproj", "{4A855578-4892-429D-BFB4-757DEFCA0950}"
	ProjectSection(ProjectDependencies) = postProject
		{79C0A29A-5B5B-4DA3-BAA3-49FA476908CB} = {79C0A29A-5B5B-4DA3-BAA3-49FA476908CB}
	EndProjectSection
EndProject
Project("{FAE04EC0-301F-11D3-BF4B-00C04F79EFBC}") = "App", "App\App.csproj", "{E7AD4A67-D688-483A-8244-6ACB7ABB25A8}"
EndProject
Project("{2150E333-8FDC-42A3-9474-1A3956D46DE8}") = "_Commons", "_Commons", "{EDB8A385-21E9-4A98-9AF4-05A5F1A71358}"
EndProject
Project("{FAE04EC0-301F-11D3-BF4B-00C04F79EFBC}") = "EsriDE.Commons.CastleWindsor.Extension", "_Fundamentals\EsriDE.Commons.CastleWindsor.Extension\EsriDE.Commons.CastleWindsor.Extension.csproj", "{421B1016-B042-47D1-8E08-DC1C9E8A0849}"
EndProject
Project("{FAE04EC0-301F-11D3-BF4B-00C04F79EFBC}") = "EsriDE.Commons.Aop", "_Fundamentals\EsriDE.Commons.Aop\EsriDE.Commons.Aop.csproj", "{A8322334-9EA7-4E6A-8744-CA9712E4EE6C}"
EndProject
Project("{FAE04EC0-301F-11D3-BF4B-00C04F79EFBC}") = "AgdAdapterCommons", "AgdAdapterCommons\AgdAdapterCommons.csproj", "{462EC57F-EDE6-4704-A099-91AE1FBF0519}"
EndProject
Project("{FAE04EC0-301F-11D3-BF4B-00C04F79EFBC}") = "AgdBLAdapter", "AgdBLAdapter\AgdBLAdapter\AgdBLAdapter.csproj", "{02F4C403-0487-42F2-AF4A-711609A45DD1}"
	ProjectSection(ProjectDependencies) = postProject
		{9DF6ABE9-5538-4F59-9C3F-8625142C32AE} = {9DF6ABE9-5538-4F59-9C3F-8625142C32AE}
	EndProjectSection
EndProject
Project("{FAE04EC0-301F-11D3-BF4B-00C04F79EFBC}") = "AgdBLAdapter.Tests", "AgdBLAdapter\AgdBLAdapter.Tests\AgdBLAdapter.Tests.csproj", "{93133AF6-B7B5-4B1A-9B79-5B6FD735BC4D}"
EndProject
Project("{FAE04EC0-301F-11D3-BF4B-00C04F79EFBC}") = "EsriDE.Commons.Ags", "_Fundamentals\EsriDE.Commons.Ags\EsriDE.Commons.Ags.csproj", "{756A5E8E-CB68-4AE8-9D2A-436F7C673E7C}"
EndProject
Project("{FAE04EC0-301F-11D3-BF4B-00C04F79EFBC}") = "EsriDE.Commons.Ags.Tests", "_Fundamentals\EsriDE.Commons.Ags.Tests\EsriDE.Commons.Ags.Tests.csproj", "{CCAB366F-C1E1-4C45-86BA-25ADEC26C346}"
EndProject
Project("{2150E333-8FDC-42A3-9474-1A3956D46DE8}") = "__Solution Items", "__Solution Items", "{FFCD9BED-2697-47B8-8079-122A68382888}"
	ProjectSection(SolutionItems) = preProject
		ContentFinder.BuildOnly.FxCop = ContentFinder.BuildOnly.FxCop
		..\tools\FxCop\De.Esri.FxCop.targets = ..\tools\FxCop\De.Esri.FxCop.targets
	EndProjectSection
EndProject
Project("{FAE04EC0-301F-11D3-BF4B-00C04F79EFBC}") = "EsriDE.Commons.Patterns", "_Fundamentals\EsriDE.Commons.Patterns\EsriDE.Commons.Patterns.csproj", "{9DDADD7C-6D1D-4AE0-BA65-95B2103C05E1}"
EndProject
Global
	GlobalSection(SolutionConfigurationPlatforms) = preSolution
		Debug|Any CPU = Debug|Any CPU
		Debug|Mixed Platforms = Debug|Mixed Platforms
		Debug|x86 = Debug|x86
		Release|Any CPU = Release|Any CPU
		Release|Mixed Platforms = Release|Mixed Platforms
		Release|x86 = Release|x86
	EndGlobalSection
	GlobalSection(ProjectConfigurationPlatforms) = postSolution
		{F1C8BBAB-FE8C-4A2B-B03C-07B9BDEF893C}.Debug|Any CPU.ActiveCfg = Debug|Any CPU
		{F1C8BBAB-FE8C-4A2B-B03C-07B9BDEF893C}.Debug|Any CPU.Build.0 = Debug|Any CPU
		{F1C8BBAB-FE8C-4A2B-B03C-07B9BDEF893C}.Debug|Mixed Platforms.ActiveCfg = Debug|Any CPU
		{F1C8BBAB-FE8C-4A2B-B03C-07B9BDEF893C}.Debug|Mixed Platforms.Build.0 = Debug|Any CPU
		{F1C8BBAB-FE8C-4A2B-B03C-07B9BDEF893C}.Debug|x86.ActiveCfg = Debug|Any CPU
		{F1C8BBAB-FE8C-4A2B-B03C-07B9BDEF893C}.Release|Any CPU.ActiveCfg = Release|Any CPU
		{F1C8BBAB-FE8C-4A2B-B03C-07B9BDEF893C}.Release|Any CPU.Build.0 = Release|Any CPU
		{F1C8BBAB-FE8C-4A2B-B03C-07B9BDEF893C}.Release|Mixed Platforms.ActiveCfg = Release|Any CPU
		{F1C8BBAB-FE8C-4A2B-B03C-07B9BDEF893C}.Release|Mixed Platforms.Build.0 = Release|Any CPU
		{F1C8BBAB-FE8C-4A2B-B03C-07B9BDEF893C}.Release|x86.ActiveCfg = Release|Any CPU
		{791AB62C-3EF3-446A-B055-3EA3A11596AA}.Debug|Any CPU.ActiveCfg = Debug|Any CPU
		{791AB62C-3EF3-446A-B055-3EA3A11596AA}.Debug|Any CPU.Build.0 = Debug|Any CPU
		{791AB62C-3EF3-446A-B055-3EA3A11596AA}.Debug|Mixed Platforms.ActiveCfg = Debug|Any CPU
		{791AB62C-3EF3-446A-B055-3EA3A11596AA}.Debug|Mixed Platforms.Build.0 = Debug|Any CPU
		{791AB62C-3EF3-446A-B055-3EA3A11596AA}.Debug|x86.ActiveCfg = Debug|Any CPU
		{791AB62C-3EF3-446A-B055-3EA3A11596AA}.Release|Any CPU.ActiveCfg = Release|Any CPU
		{791AB62C-3EF3-446A-B055-3EA3A11596AA}.Release|Any CPU.Build.0 = Release|Any CPU
		{791AB62C-3EF3-446A-B055-3EA3A11596AA}.Release|Mixed Platforms.ActiveCfg = Release|Any CPU
		{791AB62C-3EF3-446A-B055-3EA3A11596AA}.Release|Mixed Platforms.Build.0 = Release|Any CPU
		{791AB62C-3EF3-446A-B055-3EA3A11596AA}.Release|x86.ActiveCfg = Release|Any CPU
		{8BCF7F3C-88B7-45E1-9CC4-1B7876461408}.Debug|Any CPU.ActiveCfg = Debug|Any CPU
		{8BCF7F3C-88B7-45E1-9CC4-1B7876461408}.Debug|Any CPU.Build.0 = Debug|Any CPU
		{8BCF7F3C-88B7-45E1-9CC4-1B7876461408}.Debug|Mixed Platforms.ActiveCfg = Debug|Any CPU
		{8BCF7F3C-88B7-45E1-9CC4-1B7876461408}.Debug|Mixed Platforms.Build.0 = Debug|Any CPU
		{8BCF7F3C-88B7-45E1-9CC4-1B7876461408}.Debug|x86.ActiveCfg = Debug|Any CPU
		{8BCF7F3C-88B7-45E1-9CC4-1B7876461408}.Release|Any CPU.ActiveCfg = Release|Any CPU
		{8BCF7F3C-88B7-45E1-9CC4-1B7876461408}.Release|Any CPU.Build.0 = Release|Any CPU
		{8BCF7F3C-88B7-45E1-9CC4-1B7876461408}.Release|Mixed Platforms.ActiveCfg = Release|Any CPU
		{8BCF7F3C-88B7-45E1-9CC4-1B7876461408}.Release|Mixed Platforms.Build.0 = Release|Any CPU
		{8BCF7F3C-88B7-45E1-9CC4-1B7876461408}.Release|x86.ActiveCfg = Release|Any CPU
		{EF378306-5808-46A7-B432-44E7A22F2B4E}.Debug|Any CPU.ActiveCfg = Debug|Any CPU
		{EF378306-5808-46A7-B432-44E7A22F2B4E}.Debug|Any CPU.Build.0 = Debug|Any CPU
		{EF378306-5808-46A7-B432-44E7A22F2B4E}.Debug|Mixed Platforms.ActiveCfg = Debug|Any CPU
		{EF378306-5808-46A7-B432-44E7A22F2B4E}.Debug|Mixed Platforms.Build.0 = Debug|Any CPU
		{EF378306-5808-46A7-B432-44E7A22F2B4E}.Debug|x86.ActiveCfg = Debug|Any CPU
		{EF378306-5808-46A7-B432-44E7A22F2B4E}.Release|Any CPU.ActiveCfg = Release|Any CPU
		{EF378306-5808-46A7-B432-44E7A22F2B4E}.Release|Any CPU.Build.0 = Release|Any CPU
		{EF378306-5808-46A7-B432-44E7A22F2B4E}.Release|Mixed Platforms.ActiveCfg = Release|Any CPU
		{EF378306-5808-46A7-B432-44E7A22F2B4E}.Release|Mixed Platforms.Build.0 = Release|Any CPU
		{EF378306-5808-46A7-B432-44E7A22F2B4E}.Release|x86.ActiveCfg = Release|Any CPU
		{9DF6ABE9-5538-4F59-9C3F-8625142C32AE}.Debug|Any CPU.ActiveCfg = Debug|Any CPU
		{9DF6ABE9-5538-4F59-9C3F-8625142C32AE}.Debug|Any CPU.Build.0 = Debug|Any CPU
		{9DF6ABE9-5538-4F59-9C3F-8625142C32AE}.Debug|Mixed Platforms.ActiveCfg = Debug|Any CPU
		{9DF6ABE9-5538-4F59-9C3F-8625142C32AE}.Debug|Mixed Platforms.Build.0 = Debug|Any CPU
		{9DF6ABE9-5538-4F59-9C3F-8625142C32AE}.Debug|x86.ActiveCfg = Debug|Any CPU
		{9DF6ABE9-5538-4F59-9C3F-8625142C32AE}.Release|Any CPU.ActiveCfg = Release|Any CPU
		{9DF6ABE9-5538-4F59-9C3F-8625142C32AE}.Release|Any CPU.Build.0 = Release|Any CPU
		{9DF6ABE9-5538-4F59-9C3F-8625142C32AE}.Release|Mixed Platforms.ActiveCfg = Release|Any CPU
		{9DF6ABE9-5538-4F59-9C3F-8625142C32AE}.Release|Mixed Platforms.Build.0 = Release|Any CPU
		{9DF6ABE9-5538-4F59-9C3F-8625142C32AE}.Release|x86.ActiveCfg = Release|Any CPU
		{E63B5C46-C148-45E3-AEDF-10DD99F19AB2}.Debug|Any CPU.ActiveCfg = Debug|Any CPU
		{E63B5C46-C148-45E3-AEDF-10DD99F19AB2}.Debug|Any CPU.Build.0 = Debug|Any CPU
		{E63B5C46-C148-45E3-AEDF-10DD99F19AB2}.Debug|Mixed Platforms.ActiveCfg = Debug|Any CPU
		{E63B5C46-C148-45E3-AEDF-10DD99F19AB2}.Debug|Mixed Platforms.Build.0 = Debug|Any CPU
		{E63B5C46-C148-45E3-AEDF-10DD99F19AB2}.Debug|x86.ActiveCfg = Debug|Any CPU
		{E63B5C46-C148-45E3-AEDF-10DD99F19AB2}.Release|Any CPU.ActiveCfg = Release|Any CPU
		{E63B5C46-C148-45E3-AEDF-10DD99F19AB2}.Release|Any CPU.Build.0 = Release|Any CPU
		{E63B5C46-C148-45E3-AEDF-10DD99F19AB2}.Release|Mixed Platforms.ActiveCfg = Release|Any CPU
		{E63B5C46-C148-45E3-AEDF-10DD99F19AB2}.Release|Mixed Platforms.Build.0 = Release|Any CPU
		{E63B5C46-C148-45E3-AEDF-10DD99F19AB2}.Release|x86.ActiveCfg = Release|Any CPU
		{1E2720D2-67BA-4FB4-99BE-6AFC9BE7D091}.Debug|Any CPU.ActiveCfg = Debug|Any CPU
		{1E2720D2-67BA-4FB4-99BE-6AFC9BE7D091}.Debug|Any CPU.Build.0 = Debug|Any CPU
		{1E2720D2-67BA-4FB4-99BE-6AFC9BE7D091}.Debug|Mixed Platforms.ActiveCfg = Debug|Any CPU
		{1E2720D2-67BA-4FB4-99BE-6AFC9BE7D091}.Debug|Mixed Platforms.Build.0 = Debug|Any CPU
		{1E2720D2-67BA-4FB4-99BE-6AFC9BE7D091}.Debug|x86.ActiveCfg = Debug|Any CPU
		{1E2720D2-67BA-4FB4-99BE-6AFC9BE7D091}.Release|Any CPU.ActiveCfg = Release|Any CPU
		{1E2720D2-67BA-4FB4-99BE-6AFC9BE7D091}.Release|Any CPU.Build.0 = Release|Any CPU
		{1E2720D2-67BA-4FB4-99BE-6AFC9BE7D091}.Release|Mixed Platforms.ActiveCfg = Release|Any CPU
		{1E2720D2-67BA-4FB4-99BE-6AFC9BE7D091}.Release|Mixed Platforms.Build.0 = Release|Any CPU
		{1E2720D2-67BA-4FB4-99BE-6AFC9BE7D091}.Release|x86.ActiveCfg = Release|Any CPU
		{E866B2DC-EEC0-4F48-83DD-5357B08CDB72}.Debug|Any CPU.ActiveCfg = Debug|Any CPU
		{E866B2DC-EEC0-4F48-83DD-5357B08CDB72}.Debug|Any CPU.Build.0 = Debug|Any CPU
		{E866B2DC-EEC0-4F48-83DD-5357B08CDB72}.Debug|Mixed Platforms.ActiveCfg = Debug|Any CPU
		{E866B2DC-EEC0-4F48-83DD-5357B08CDB72}.Debug|Mixed Platforms.Build.0 = Debug|Any CPU
		{E866B2DC-EEC0-4F48-83DD-5357B08CDB72}.Debug|x86.ActiveCfg = Debug|Any CPU
		{E866B2DC-EEC0-4F48-83DD-5357B08CDB72}.Release|Any CPU.ActiveCfg = Release|Any CPU
		{E866B2DC-EEC0-4F48-83DD-5357B08CDB72}.Release|Any CPU.Build.0 = Release|Any CPU
		{E866B2DC-EEC0-4F48-83DD-5357B08CDB72}.Release|Mixed Platforms.ActiveCfg = Release|Any CPU
		{E866B2DC-EEC0-4F48-83DD-5357B08CDB72}.Release|Mixed Platforms.Build.0 = Release|Any CPU
		{E866B2DC-EEC0-4F48-83DD-5357B08CDB72}.Release|x86.ActiveCfg = Release|Any CPU
		{17A3595E-A5BE-4273-AB91-8323C08FD1E0}.Debug|Any CPU.ActiveCfg = Debug|Any CPU
		{17A3595E-A5BE-4273-AB91-8323C08FD1E0}.Debug|Any CPU.Build.0 = Debug|Any CPU
		{17A3595E-A5BE-4273-AB91-8323C08FD1E0}.Debug|Mixed Platforms.ActiveCfg = Debug|Any CPU
		{17A3595E-A5BE-4273-AB91-8323C08FD1E0}.Debug|Mixed Platforms.Build.0 = Debug|Any CPU
		{17A3595E-A5BE-4273-AB91-8323C08FD1E0}.Debug|x86.ActiveCfg = Debug|Any CPU
		{17A3595E-A5BE-4273-AB91-8323C08FD1E0}.Release|Any CPU.ActiveCfg = Release|Any CPU
		{17A3595E-A5BE-4273-AB91-8323C08FD1E0}.Release|Any CPU.Build.0 = Release|Any CPU
		{17A3595E-A5BE-4273-AB91-8323C08FD1E0}.Release|Mixed Platforms.ActiveCfg = Release|Any CPU
		{17A3595E-A5BE-4273-AB91-8323C08FD1E0}.Release|Mixed Platforms.Build.0 = Release|Any CPU
		{17A3595E-A5BE-4273-AB91-8323C08FD1E0}.Release|x86.ActiveCfg = Release|Any CPU
		{B7CF6677-4B8D-4C12-B164-1C8915149024}.Debug|Any CPU.ActiveCfg = Debug|Any CPU
		{B7CF6677-4B8D-4C12-B164-1C8915149024}.Debug|Any CPU.Build.0 = Debug|Any CPU
		{B7CF6677-4B8D-4C12-B164-1C8915149024}.Debug|Mixed Platforms.ActiveCfg = Debug|Any CPU
		{B7CF6677-4B8D-4C12-B164-1C8915149024}.Debug|Mixed Platforms.Build.0 = Debug|Any CPU
		{B7CF6677-4B8D-4C12-B164-1C8915149024}.Debug|x86.ActiveCfg = Debug|Any CPU
		{B7CF6677-4B8D-4C12-B164-1C8915149024}.Release|Any CPU.ActiveCfg = Release|Any CPU
		{B7CF6677-4B8D-4C12-B164-1C8915149024}.Release|Any CPU.Build.0 = Release|Any CPU
		{B7CF6677-4B8D-4C12-B164-1C8915149024}.Release|Mixed Platforms.ActiveCfg = Release|Any CPU
		{B7CF6677-4B8D-4C12-B164-1C8915149024}.Release|Mixed Platforms.Build.0 = Release|Any CPU
		{B7CF6677-4B8D-4C12-B164-1C8915149024}.Release|x86.ActiveCfg = Release|Any CPU
		{79C0A29A-5B5B-4DA3-BAA3-49FA476908CB}.Debug|Any CPU.ActiveCfg = Debug|Any CPU
		{79C0A29A-5B5B-4DA3-BAA3-49FA476908CB}.Debug|Any CPU.Build.0 = Debug|Any CPU
		{79C0A29A-5B5B-4DA3-BAA3-49FA476908CB}.Debug|Mixed Platforms.ActiveCfg = Debug|Any CPU
		{79C0A29A-5B5B-4DA3-BAA3-49FA476908CB}.Debug|Mixed Platforms.Build.0 = Debug|Any CPU
		{79C0A29A-5B5B-4DA3-BAA3-49FA476908CB}.Debug|x86.ActiveCfg = Debug|Any CPU
		{79C0A29A-5B5B-4DA3-BAA3-49FA476908CB}.Release|Any CPU.ActiveCfg = Release|Any CPU
		{79C0A29A-5B5B-4DA3-BAA3-49FA476908CB}.Release|Any CPU.Build.0 = Release|Any CPU
		{79C0A29A-5B5B-4DA3-BAA3-49FA476908CB}.Release|Mixed Platforms.ActiveCfg = Release|Any CPU
		{79C0A29A-5B5B-4DA3-BAA3-49FA476908CB}.Release|Mixed Platforms.Build.0 = Release|Any CPU
		{79C0A29A-5B5B-4DA3-BAA3-49FA476908CB}.Release|x86.ActiveCfg = Release|Any CPU
		{BC981B0A-AC3F-46EF-88F2-6D5DCB25AE57}.Debug|Any CPU.ActiveCfg = Debug|Any CPU
		{BC981B0A-AC3F-46EF-88F2-6D5DCB25AE57}.Debug|Any CPU.Build.0 = Debug|Any CPU
		{BC981B0A-AC3F-46EF-88F2-6D5DCB25AE57}.Debug|Mixed Platforms.ActiveCfg = Debug|Any CPU
		{BC981B0A-AC3F-46EF-88F2-6D5DCB25AE57}.Debug|Mixed Platforms.Build.0 = Debug|Any CPU
		{BC981B0A-AC3F-46EF-88F2-6D5DCB25AE57}.Debug|x86.ActiveCfg = Debug|Any CPU
		{BC981B0A-AC3F-46EF-88F2-6D5DCB25AE57}.Release|Any CPU.ActiveCfg = Release|Any CPU
		{BC981B0A-AC3F-46EF-88F2-6D5DCB25AE57}.Release|Any CPU.Build.0 = Release|Any CPU
		{BC981B0A-AC3F-46EF-88F2-6D5DCB25AE57}.Release|Mixed Platforms.ActiveCfg = Release|Any CPU
		{BC981B0A-AC3F-46EF-88F2-6D5DCB25AE57}.Release|Mixed Platforms.Build.0 = Release|Any CPU
		{BC981B0A-AC3F-46EF-88F2-6D5DCB25AE57}.Release|x86.ActiveCfg = Release|Any CPU
		{BD09B7CB-011B-4342-BDBF-32D5E43CF3FF}.Debug|Any CPU.ActiveCfg = Debug|Any CPU
		{BD09B7CB-011B-4342-BDBF-32D5E43CF3FF}.Debug|Any CPU.Build.0 = Debug|Any CPU
		{BD09B7CB-011B-4342-BDBF-32D5E43CF3FF}.Debug|Mixed Platforms.ActiveCfg = Debug|Any CPU
		{BD09B7CB-011B-4342-BDBF-32D5E43CF3FF}.Debug|Mixed Platforms.Build.0 = Debug|Any CPU
		{BD09B7CB-011B-4342-BDBF-32D5E43CF3FF}.Debug|x86.ActiveCfg = Debug|Any CPU
		{BD09B7CB-011B-4342-BDBF-32D5E43CF3FF}.Release|Any CPU.ActiveCfg = Release|Any CPU
		{BD09B7CB-011B-4342-BDBF-32D5E43CF3FF}.Release|Any CPU.Build.0 = Release|Any CPU
		{BD09B7CB-011B-4342-BDBF-32D5E43CF3FF}.Release|Mixed Platforms.ActiveCfg = Release|Any CPU
		{BD09B7CB-011B-4342-BDBF-32D5E43CF3FF}.Release|Mixed Platforms.Build.0 = Release|Any CPU
		{BD09B7CB-011B-4342-BDBF-32D5E43CF3FF}.Release|x86.ActiveCfg = Release|Any CPU
		{787FA305-0AD5-4D40-8A7A-DD5D6D826217}.Debug|Any CPU.ActiveCfg = Debug|Any CPU
		{787FA305-0AD5-4D40-8A7A-DD5D6D826217}.Debug|Any CPU.Build.0 = Debug|Any CPU
		{787FA305-0AD5-4D40-8A7A-DD5D6D826217}.Debug|Mixed Platforms.ActiveCfg = Debug|Any CPU
		{787FA305-0AD5-4D40-8A7A-DD5D6D826217}.Debug|Mixed Platforms.Build.0 = Debug|Any CPU
		{787FA305-0AD5-4D40-8A7A-DD5D6D826217}.Debug|x86.ActiveCfg = Debug|Any CPU
		{787FA305-0AD5-4D40-8A7A-DD5D6D826217}.Release|Any CPU.ActiveCfg = Release|Any CPU
		{787FA305-0AD5-4D40-8A7A-DD5D6D826217}.Release|Any CPU.Build.0 = Release|Any CPU
		{787FA305-0AD5-4D40-8A7A-DD5D6D826217}.Release|Mixed Platforms.ActiveCfg = Release|Any CPU
		{787FA305-0AD5-4D40-8A7A-DD5D6D826217}.Release|Mixed Platforms.Build.0 = Release|Any CPU
		{787FA305-0AD5-4D40-8A7A-DD5D6D826217}.Release|x86.ActiveCfg = Release|Any CPU
		{BD9D61CA-AA87-4454-8220-42BDB0A2EA13}.Debug|Any CPU.ActiveCfg = Debug|Any CPU
		{BD9D61CA-AA87-4454-8220-42BDB0A2EA13}.Debug|Any CPU.Build.0 = Debug|Any CPU
		{BD9D61CA-AA87-4454-8220-42BDB0A2EA13}.Debug|Mixed Platforms.ActiveCfg = Debug|Any CPU
		{BD9D61CA-AA87-4454-8220-42BDB0A2EA13}.Debug|Mixed Platforms.Build.0 = Debug|Any CPU
		{BD9D61CA-AA87-4454-8220-42BDB0A2EA13}.Debug|x86.ActiveCfg = Debug|Any CPU
		{BD9D61CA-AA87-4454-8220-42BDB0A2EA13}.Release|Any CPU.ActiveCfg = Release|Any CPU
		{BD9D61CA-AA87-4454-8220-42BDB0A2EA13}.Release|Any CPU.Build.0 = Release|Any CPU
		{BD9D61CA-AA87-4454-8220-42BDB0A2EA13}.Release|Mixed Platforms.ActiveCfg = Release|Any CPU
		{BD9D61CA-AA87-4454-8220-42BDB0A2EA13}.Release|Mixed Platforms.Build.0 = Release|Any CPU
		{BD9D61CA-AA87-4454-8220-42BDB0A2EA13}.Release|x86.ActiveCfg = Release|Any CPU
		{4A855578-4892-429D-BFB4-757DEFCA0950}.Debug|Any CPU.ActiveCfg = Debug|x86
		{4A855578-4892-429D-BFB4-757DEFCA0950}.Debug|Mixed Platforms.ActiveCfg = Debug|x86
		{4A855578-4892-429D-BFB4-757DEFCA0950}.Debug|Mixed Platforms.Build.0 = Debug|x86
		{4A855578-4892-429D-BFB4-757DEFCA0950}.Debug|x86.ActiveCfg = Debug|x86
		{4A855578-4892-429D-BFB4-757DEFCA0950}.Debug|x86.Build.0 = Debug|x86
		{4A855578-4892-429D-BFB4-757DEFCA0950}.Release|Any CPU.ActiveCfg = Release|x86
		{4A855578-4892-429D-BFB4-757DEFCA0950}.Release|Mixed Platforms.ActiveCfg = Release|x86
		{4A855578-4892-429D-BFB4-757DEFCA0950}.Release|Mixed Platforms.Build.0 = Release|x86
		{4A855578-4892-429D-BFB4-757DEFCA0950}.Release|x86.ActiveCfg = Release|x86
		{4A855578-4892-429D-BFB4-757DEFCA0950}.Release|x86.Build.0 = Release|x86
		{E7AD4A67-D688-483A-8244-6ACB7ABB25A8}.Debug|Any CPU.ActiveCfg = Debug|x86
		{E7AD4A67-D688-483A-8244-6ACB7ABB25A8}.Debug|Mixed Platforms.ActiveCfg = Debug|x86
		{E7AD4A67-D688-483A-8244-6ACB7ABB25A8}.Debug|Mixed Platforms.Build.0 = Debug|x86
		{E7AD4A67-D688-483A-8244-6ACB7ABB25A8}.Debug|x86.ActiveCfg = Debug|x86
		{E7AD4A67-D688-483A-8244-6ACB7ABB25A8}.Debug|x86.Build.0 = Debug|x86
		{E7AD4A67-D688-483A-8244-6ACB7ABB25A8}.Release|Any CPU.ActiveCfg = Release|x86
		{E7AD4A67-D688-483A-8244-6ACB7ABB25A8}.Release|Mixed Platforms.ActiveCfg = Release|x86
		{E7AD4A67-D688-483A-8244-6ACB7ABB25A8}.Release|Mixed Platforms.Build.0 = Release|x86
		{E7AD4A67-D688-483A-8244-6ACB7ABB25A8}.Release|x86.ActiveCfg = Release|x86
		{E7AD4A67-D688-483A-8244-6ACB7ABB25A8}.Release|x86.Build.0 = Release|x86
		{421B1016-B042-47D1-8E08-DC1C9E8A0849}.Debug|Any CPU.ActiveCfg = Debug|Any CPU
		{421B1016-B042-47D1-8E08-DC1C9E8A0849}.Debug|Any CPU.Build.0 = Debug|Any CPU
		{421B1016-B042-47D1-8E08-DC1C9E8A0849}.Debug|Mixed Platforms.ActiveCfg = Debug|Any CPU
		{421B1016-B042-47D1-8E08-DC1C9E8A0849}.Debug|Mixed Platforms.Build.0 = Debug|Any CPU
		{421B1016-B042-47D1-8E08-DC1C9E8A0849}.Debug|x86.ActiveCfg = Debug|Any CPU
		{421B1016-B042-47D1-8E08-DC1C9E8A0849}.Release|Any CPU.ActiveCfg = Release|Any CPU
		{421B1016-B042-47D1-8E08-DC1C9E8A0849}.Release|Any CPU.Build.0 = Release|Any CPU
		{421B1016-B042-47D1-8E08-DC1C9E8A0849}.Release|Mixed Platforms.ActiveCfg = Release|Any CPU
		{421B1016-B042-47D1-8E08-DC1C9E8A0849}.Release|Mixed Platforms.Build.0 = Release|Any CPU
		{421B1016-B042-47D1-8E08-DC1C9E8A0849}.Release|x86.ActiveCfg = Release|Any CPU
		{A8322334-9EA7-4E6A-8744-CA9712E4EE6C}.Debug|Any CPU.ActiveCfg = Debug|Any CPU
		{A8322334-9EA7-4E6A-8744-CA9712E4EE6C}.Debug|Any CPU.Build.0 = Debug|Any CPU
		{A8322334-9EA7-4E6A-8744-CA9712E4EE6C}.Debug|Mixed Platforms.ActiveCfg = Debug|Any CPU
		{A8322334-9EA7-4E6A-8744-CA9712E4EE6C}.Debug|Mixed Platforms.Build.0 = Debug|Any CPU
		{A8322334-9EA7-4E6A-8744-CA9712E4EE6C}.Debug|x86.ActiveCfg = Debug|Any CPU
		{A8322334-9EA7-4E6A-8744-CA9712E4EE6C}.Release|Any CPU.ActiveCfg = Release|Any CPU
		{A8322334-9EA7-4E6A-8744-CA9712E4EE6C}.Release|Any CPU.Build.0 = Release|Any CPU
		{A8322334-9EA7-4E6A-8744-CA9712E4EE6C}.Release|Mixed Platforms.ActiveCfg = Release|Any CPU
		{A8322334-9EA7-4E6A-8744-CA9712E4EE6C}.Release|Mixed Platforms.Build.0 = Release|Any CPU
		{A8322334-9EA7-4E6A-8744-CA9712E4EE6C}.Release|x86.ActiveCfg = Release|Any CPU
		{462EC57F-EDE6-4704-A099-91AE1FBF0519}.Debug|Any CPU.ActiveCfg = Debug|Any CPU
		{462EC57F-EDE6-4704-A099-91AE1FBF0519}.Debug|Any CPU.Build.0 = Debug|Any CPU
		{462EC57F-EDE6-4704-A099-91AE1FBF0519}.Debug|Mixed Platforms.ActiveCfg = Debug|Any CPU
		{462EC57F-EDE6-4704-A099-91AE1FBF0519}.Debug|Mixed Platforms.Build.0 = Debug|Any CPU
		{462EC57F-EDE6-4704-A099-91AE1FBF0519}.Debug|x86.ActiveCfg = Debug|Any CPU
		{462EC57F-EDE6-4704-A099-91AE1FBF0519}.Release|Any CPU.ActiveCfg = Release|Any CPU
		{462EC57F-EDE6-4704-A099-91AE1FBF0519}.Release|Any CPU.Build.0 = Release|Any CPU
		{462EC57F-EDE6-4704-A099-91AE1FBF0519}.Release|Mixed Platforms.ActiveCfg = Release|Any CPU
		{462EC57F-EDE6-4704-A099-91AE1FBF0519}.Release|Mixed Platforms.Build.0 = Release|Any CPU
		{462EC57F-EDE6-4704-A099-91AE1FBF0519}.Release|x86.ActiveCfg = Release|Any CPU
		{02F4C403-0487-42F2-AF4A-711609A45DD1}.Debug|Any CPU.ActiveCfg = Debug|Any CPU
		{02F4C403-0487-42F2-AF4A-711609A45DD1}.Debug|Any CPU.Build.0 = Debug|Any CPU
		{02F4C403-0487-42F2-AF4A-711609A45DD1}.Debug|Mixed Platforms.ActiveCfg = Debug|Any CPU
		{02F4C403-0487-42F2-AF4A-711609A45DD1}.Debug|Mixed Platforms.Build.0 = Debug|Any CPU
		{02F4C403-0487-42F2-AF4A-711609A45DD1}.Debug|x86.ActiveCfg = Debug|Any CPU
		{02F4C403-0487-42F2-AF4A-711609A45DD1}.Release|Any CPU.ActiveCfg = Release|Any CPU
		{02F4C403-0487-42F2-AF4A-711609A45DD1}.Release|Any CPU.Build.0 = Release|Any CPU
		{02F4C403-0487-42F2-AF4A-711609A45DD1}.Release|Mixed Platforms.ActiveCfg = Release|Any CPU
		{02F4C403-0487-42F2-AF4A-711609A45DD1}.Release|Mixed Platforms.Build.0 = Release|Any CPU
		{02F4C403-0487-42F2-AF4A-711609A45DD1}.Release|x86.ActiveCfg = Release|Any CPU
		{93133AF6-B7B5-4B1A-9B79-5B6FD735BC4D}.Debug|Any CPU.ActiveCfg = Debug|Any CPU
		{93133AF6-B7B5-4B1A-9B79-5B6FD735BC4D}.Debug|Any CPU.Build.0 = Debug|Any CPU
		{93133AF6-B7B5-4B1A-9B79-5B6FD735BC4D}.Debug|Mixed Platforms.ActiveCfg = Debug|Any CPU
		{93133AF6-B7B5-4B1A-9B79-5B6FD735BC4D}.Debug|Mixed Platforms.Build.0 = Debug|Any CPU
		{93133AF6-B7B5-4B1A-9B79-5B6FD735BC4D}.Debug|x86.ActiveCfg = Debug|Any CPU
		{93133AF6-B7B5-4B1A-9B79-5B6FD735BC4D}.Release|Any CPU.ActiveCfg = Release|Any CPU
		{93133AF6-B7B5-4B1A-9B79-5B6FD735BC4D}.Release|Any CPU.Build.0 = Release|Any CPU
		{93133AF6-B7B5-4B1A-9B79-5B6FD735BC4D}.Release|Mixed Platforms.ActiveCfg = Release|Any CPU
		{93133AF6-B7B5-4B1A-9B79-5B6FD735BC4D}.Release|Mixed Platforms.Build.0 = Release|Any CPU
		{93133AF6-B7B5-4B1A-9B79-5B6FD735BC4D}.Release|x86.ActiveCfg = Release|Any CPU
		{756A5E8E-CB68-4AE8-9D2A-436F7C673E7C}.Debug|Any CPU.ActiveCfg = Debug|Any CPU
		{756A5E8E-CB68-4AE8-9D2A-436F7C673E7C}.Debug|Any CPU.Build.0 = Debug|Any CPU
		{756A5E8E-CB68-4AE8-9D2A-436F7C673E7C}.Debug|Mixed Platforms.ActiveCfg = Debug|Any CPU
		{756A5E8E-CB68-4AE8-9D2A-436F7C673E7C}.Debug|Mixed Platforms.Build.0 = Debug|Any CPU
		{756A5E8E-CB68-4AE8-9D2A-436F7C673E7C}.Debug|x86.ActiveCfg = Debug|Any CPU
		{756A5E8E-CB68-4AE8-9D2A-436F7C673E7C}.Release|Any CPU.ActiveCfg = Release|Any CPU
		{756A5E8E-CB68-4AE8-9D2A-436F7C673E7C}.Release|Any CPU.Build.0 = Release|Any CPU
		{756A5E8E-CB68-4AE8-9D2A-436F7C673E7C}.Release|Mixed Platforms.ActiveCfg = Release|Any CPU
		{756A5E8E-CB68-4AE8-9D2A-436F7C673E7C}.Release|Mixed Platforms.Build.0 = Release|Any CPU
		{756A5E8E-CB68-4AE8-9D2A-436F7C673E7C}.Release|x86.ActiveCfg = Release|Any CPU
		{CCAB366F-C1E1-4C45-86BA-25ADEC26C346}.Debug|Any CPU.ActiveCfg = Debug|Any CPU
		{CCAB366F-C1E1-4C45-86BA-25ADEC26C346}.Debug|Any CPU.Build.0 = Debug|Any CPU
		{CCAB366F-C1E1-4C45-86BA-25ADEC26C346}.Debug|Mixed Platforms.ActiveCfg = Debug|Any CPU
		{CCAB366F-C1E1-4C45-86BA-25ADEC26C346}.Debug|Mixed Platforms.Build.0 = Debug|Any CPU
		{CCAB366F-C1E1-4C45-86BA-25ADEC26C346}.Debug|x86.ActiveCfg = Debug|Any CPU
		{CCAB366F-C1E1-4C45-86BA-25ADEC26C346}.Release|Any CPU.ActiveCfg = Release|Any CPU
		{CCAB366F-C1E1-4C45-86BA-25ADEC26C346}.Release|Any CPU.Build.0 = Release|Any CPU
		{CCAB366F-C1E1-4C45-86BA-25ADEC26C346}.Release|Mixed Platforms.ActiveCfg = Release|Any CPU
		{CCAB366F-C1E1-4C45-86BA-25ADEC26C346}.Release|Mixed Platforms.Build.0 = Release|Any CPU
		{CCAB366F-C1E1-4C45-86BA-25ADEC26C346}.Release|x86.ActiveCfg = Release|Any CPU
		{9DDADD7C-6D1D-4AE0-BA65-95B2103C05E1}.Debug|Any CPU.ActiveCfg = Debug|Any CPU
		{9DDADD7C-6D1D-4AE0-BA65-95B2103C05E1}.Debug|Any CPU.Build.0 = Debug|Any CPU
		{9DDADD7C-6D1D-4AE0-BA65-95B2103C05E1}.Debug|Mixed Platforms.ActiveCfg = Debug|Any CPU
		{9DDADD7C-6D1D-4AE0-BA65-95B2103C05E1}.Debug|Mixed Platforms.Build.0 = Debug|Any CPU
		{9DDADD7C-6D1D-4AE0-BA65-95B2103C05E1}.Debug|x86.ActiveCfg = Debug|Any CPU
		{9DDADD7C-6D1D-4AE0-BA65-95B2103C05E1}.Release|Any CPU.ActiveCfg = Release|Any CPU
		{9DDADD7C-6D1D-4AE0-BA65-95B2103C05E1}.Release|Any CPU.Build.0 = Release|Any CPU
		{9DDADD7C-6D1D-4AE0-BA65-95B2103C05E1}.Release|Mixed Platforms.ActiveCfg = Release|Any CPU
		{9DDADD7C-6D1D-4AE0-BA65-95B2103C05E1}.Release|Mixed Platforms.Build.0 = Release|Any CPU
		{9DDADD7C-6D1D-4AE0-BA65-95B2103C05E1}.Release|x86.ActiveCfg = Release|Any CPU
	EndGlobalSection
	GlobalSection(SolutionProperties) = preSolution
		HideSolutionNode = FALSE
	EndGlobalSection
	GlobalSection(NestedProjects) = preSolution
		{791AB62C-3EF3-446A-B055-3EA3A11596AA} = {C6ECA78F-5ADA-4B83-95AF-C1994BC2861E}
		{F1C8BBAB-FE8C-4A2B-B03C-07B9BDEF893C} = {C6ECA78F-5ADA-4B83-95AF-C1994BC2861E}
		{EF378306-5808-46A7-B432-44E7A22F2B4E} = {47A53DFD-6DDF-4B8B-A81A-37F2082E3020}
		{8BCF7F3C-88B7-45E1-9CC4-1B7876461408} = {47A53DFD-6DDF-4B8B-A81A-37F2082E3020}
		{E63B5C46-C148-45E3-AEDF-10DD99F19AB2} = {019633CC-A5DF-40CC-A5D4-EBDDB1B9070E}
		{9DF6ABE9-5538-4F59-9C3F-8625142C32AE} = {019633CC-A5DF-40CC-A5D4-EBDDB1B9070E}
		{79C0A29A-5B5B-4DA3-BAA3-49FA476908CB} = {341BD835-A29E-4565-96FE-36DDCC8AC519}
		{BC981B0A-AC3F-46EF-88F2-6D5DCB25AE57} = {341BD835-A29E-4565-96FE-36DDCC8AC519}
		{E7AD4A67-D688-483A-8244-6ACB7ABB25A8} = {341BD835-A29E-4565-96FE-36DDCC8AC519}
		{1E2720D2-67BA-4FB4-99BE-6AFC9BE7D091} = {CCD51172-18FF-4C66-BD8B-49768CA07C49}
		{E866B2DC-EEC0-4F48-83DD-5357B08CDB72} = {CCD51172-18FF-4C66-BD8B-49768CA07C49}
		{17A3595E-A5BE-4273-AB91-8323C08FD1E0} = {EF0E2424-C8AF-4140-AF63-168803F95DCD}
		{B7CF6677-4B8D-4C12-B164-1C8915149024} = {EF0E2424-C8AF-4140-AF63-168803F95DCD}
		{BD9D61CA-AA87-4454-8220-42BDB0A2EA13} = {EF0E2424-C8AF-4140-AF63-168803F95DCD}
		{4A855578-4892-429D-BFB4-757DEFCA0950} = {EF0E2424-C8AF-4140-AF63-168803F95DCD}
		{02F4C403-0487-42F2-AF4A-711609A45DD1} = {EF0E2424-C8AF-4140-AF63-168803F95DCD}
		{93133AF6-B7B5-4B1A-9B79-5B6FD735BC4D} = {EF0E2424-C8AF-4140-AF63-168803F95DCD}
		{BD09B7CB-011B-4342-BDBF-32D5E43CF3FF} = {3D7A0F8E-0D25-4260-A51D-780B6229581D}
		{787FA305-0AD5-4D40-8A7A-DD5D6D826217} = {3D7A0F8E-0D25-4260-A51D-780B6229581D}
		{421B1016-B042-47D1-8E08-DC1C9E8A0849} = {EDB8A385-21E9-4A98-9AF4-05A5F1A71358}
		{A8322334-9EA7-4E6A-8744-CA9712E4EE6C} = {EDB8A385-21E9-4A98-9AF4-05A5F1A71358}
		{462EC57F-EDE6-4704-A099-91AE1FBF0519} = {EDB8A385-21E9-4A98-9AF4-05A5F1A71358}
		{756A5E8E-CB68-4AE8-9D2A-436F7C673E7C} = {EDB8A385-21E9-4A98-9AF4-05A5F1A71358}
		{CCAB366F-C1E1-4C45-86BA-25ADEC26C346} = {EDB8A385-21E9-4A98-9AF4-05A5F1A71358}
		{9DDADD7C-6D1D-4AE0-BA65-95B2103C05E1} = {EDB8A385-21E9-4A98-9AF4-05A5F1A71358}
	EndGlobalSection
EndGlobal
