
Microsoft Visual Studio Solution File, Format Version 11.00
# Visual Studio 2010
Project("{FAE04EC0-301F-11D3-BF4B-00C04F79EFBC}") = "SystemBuild", "SystemBuild\SystemBuild.csproj", "{1E2720D2-67BA-4FB4-99BE-6AFC9BE7D091}"
EndProject
Project("{FAE04EC0-301F-11D3-BF4B-00C04F79EFBC}") = "SystemBuild.Tests", "SystemBuild.Tests\SystemBuild.Tests.csproj", "{E866B2DC-EEC0-4F48-83DD-5357B08CDB72}"
EndProject
Global
	GlobalSection(SolutionConfigurationPlatforms) = preSolution
		Debug|Any CPU = Debug|Any CPU
		Release|Any CPU = Release|Any CPU
	EndGlobalSection
	GlobalSection(ProjectConfigurationPlatforms) = postSolution
		{1E2720D2-67BA-4FB4-99BE-6AFC9BE7D091}.Debug|Any CPU.ActiveCfg = Debug|Any CPU
		{1E2720D2-67BA-4FB4-99BE-6AFC9BE7D091}.Debug|Any CPU.Build.0 = Debug|Any CPU
		{1E2720D2-67BA-4FB4-99BE-6AFC9BE7D091}.Release|Any CPU.ActiveCfg = Release|Any CPU
		{1E2720D2-67BA-4FB4-99BE-6AFC9BE7D091}.Release|Any CPU.Build.0 = Release|Any CPU
		{E866B2DC-EEC0-4F48-83DD-5357B08CDB72}.Debug|Any CPU.ActiveCfg = Debug|Any CPU
		{E866B2DC-EEC0-4F48-83DD-5357B08CDB72}.Debug|Any CPU.Build.0 = Debug|Any CPU
		{E866B2DC-EEC0-4F48-83DD-5357B08CDB72}.Release|Any CPU.ActiveCfg = Release|Any CPU
		{E866B2DC-EEC0-4F48-83DD-5357B08CDB72}.Release|Any CPU.Build.0 = Release|Any CPU
	EndGlobalSection
	GlobalSection(SolutionProperties) = preSolution
		HideSolutionNode = FALSE
	EndGlobalSection
EndGlobal
